
Microsoft Visual Studio Solution File, Format Version 12.00
# Visual Studio Version 16
VisualStudioVersion = 16.0.31605.320
MinimumVisualStudioVersion = 10.0.40219.1
Project("{FAE04EC0-301F-11D3-BF4B-00C04F79EFBC}") = "Password Manager", "Password Manager\Password Manager.csproj", "{F14CEBD8-5C10-4C5B-8662-686EA380CDAA}"
EndProject
Project("{54435603-DBB4-11D2-8724-00A0C9A8B90C}") = "Pwd Manager", "Pwd Manager\Pwd Manager.vdproj", "{83AC074C-3878-453F-8790-535904673431}"
EndProject. 
Global               
	GlobalSection(SolutionConfigurationPlatforms) = preSolution
		Debug|Any CPU = Debug|Any CPU
		Release|Any CPU = Release|Any CPU
	EndGlobalSection
	GlobalSection(ProjectConfigurationPlatforms) = postSolution
		{F14CEBD8-5C10-4C5B-8662-686EA380CDAA}.Debug|Any CPU.ActiveCfg = Release|Any CPU
		{F14CEBD8-5C10-4C5B-8662-686EA380CDAA}.Debug|Any CPU.Build.0 = Release|Any CPU
		{F14CEBD8-5C10-4C5B-8662-686EA380CDAA}.Release|Any CPU.ActiveCfg = Release|Any CPU
		{F14CEBD8-5C10-4C5B-8662-686EA380CDAA}.Release|Any CPU.Build.0 = Release|Any CPU
		{83AC074C-3878-453F-8790-535904673431}.Debug|Any CPU.ActiveCfg = Debug
		{83AC074C-3878-453F-8790-535904673431}.Release|Any CPU.ActiveCfg = Release
	EndGlobalSection
	GlobalSection(SolutionProperties) = preSolution
		HideSolutionNode = FALSE
	EndGlobalSection
	GlobalSection(ExtensibilityGlobals) = postSolution
		SolutionGuid = {6CCDA634-A957-488B-8F55-74CFDB060AED}
	EndGlobalSection
EndGlobal
